
Microsoft Visual Studio Solution File, Format Version 12.00
# Visual Studio Version 17
VisualStudioVersion = 17.0.32112.339
MinimumVisualStudioVersion = 10.0.40219.1
Project("{FAE04EC0-301F-11D3-BF4B-00C04F79EFBC}") = "JobFinder", "JobFinder\JobFinder.csproj", "{CDF713AF-D54D-403A-B647-A1713E083FB4}"
EndProject
Global
	GlobalSection(SolutionConfigurationPlatforms) = preSolution
		Debug|Any CPU = Debug|Any CPU
		Release|Any CPU = Release|Any CPU
	EndGlobalSection
	GlobalSection(ProjectConfigurationPlatforms) = postSolution
		{CDF713AF-D54D-403A-B647-A1713E083FB4}.Debug|Any CPU.ActiveCfg = Debug|Any CPU
		{CDF713AF-D54D-403A-B647-A1713E083FB4}.Debug|Any CPU.Build.0 = Debug|Any CPU
		{CDF713AF-D54D-403A-B647-A1713E083FB4}.Release|Any CPU.ActiveCfg = Release|Any CPU
		{CDF713AF-D54D-403A-B647-A1713E083FB4}.Release|Any CPU.Build.0 = Release|Any CPU
	EndGlobalSection
	GlobalSection(SolutionProperties) = preSolution
		HideSolutionNode = FALSE
	EndGlobalSection
	GlobalSection(ExtensibilityGlobals) = postSolution
		SolutionGuid = {AE3D4328-FDEF-4FA7-80DB-D5733B34E05C}
	EndGlobalSection
EndGlobal
